{
  "name": "popmotion-demo",
  "version": "1.0.0",
  "lockfileVersion": 1,
  "requires": true,
  "dependencies": {
    "ajv": {
      "version": "4.11.8",
      "resolved": "http://r.tools.elenet.me/ajv/download/ajv-4.11.8.tgz",
      "integrity": "sha1-gv+wKynmYq5TvcIK8VlHcGc5xTY=",
      "optional": true,
      "requires": {
        "co": "4.6.0",
        "json-stable-stringify": "1.0.1"
      }
    },
    "asap": {
      "version": "2.0.6",
      "resolved": "http://r.tools.elenet.me/asap/download/asap-2.0.6.tgz",
      "integrity": "sha1-5QNHYR1+aQlDIIu9r+vLwvuGbUY=",
      "optional": true
    },
    "asn1": {
      "version": "0.2.3",
      "resolved": "http://r.tools.elenet.me/asn1/download/asn1-0.2.3.tgz",
      "integrity": "sha1-2sh4dxPJlmhJ/IGAd36+nB3fO4Y=",
      "optional": true
    },
    "assert-plus": {
      "version": "0.2.0",
      "resolved": "http://r.tools.elenet.me/assert-plus/download/assert-plus-0.2.0.tgz",
      "integrity": "sha1-104bh+ev/A24qttwIfP+SBAasjQ=",
      "optional": true
    },
    "asynckit": {
      "version": "0.4.0",
      "resolved": "http://r.tools.elenet.me/asynckit/download/asynckit-0.4.0.tgz",
      "integrity": "sha1-x57Zf380y48robyXkLzDZkdLS3k=",
      "optional": true
    },
    "aws-sign2": {
      "version": "0.6.0",
      "resolved": "http://r.tools.elenet.me/aws-sign2/download/aws-sign2-0.6.0.tgz",
      "integrity": "sha1-FDQt0428yU0OW4fXY81jYSwOeU8=",
      "optional": true
    },
    "aws4": {
      "version": "1.6.0",
      "resolved": "http://r.tools.elenet.me/aws4/download/aws4-1.6.0.tgz",
      "integrity": "sha1-g+9cqGCysy5KDe7e6MdxudtXRx4=",
      "optional": true
    },
    "bcrypt-pbkdf": {
      "version": "1.0.1",
      "resolved": "http://r.tools.elenet.me/bcrypt-pbkdf/download/bcrypt-pbkdf-1.0.1.tgz",
      "integrity": "sha1-Y7xdy2EzG5K8Bf1SiVPDNGKgb40=",
      "optional": true,
      "requires": {
        "tweetnacl": "0.14.5"
      }
    },
    "boom": {
      "version": "2.10.1",
      "resolved": "http://r.tools.elenet.me/boom/download/boom-2.10.1.tgz",
      "integrity": "sha1-OciRjO/1eZ+D+UkqhI9iWt0Mdm8=",
      "requires": {
        "hoek": "2.16.3"
      }
    },
    "caseless": {
      "version": "0.12.0",
      "resolved": "http://r.tools.elenet.me/caseless/download/caseless-0.12.0.tgz",
      "integrity": "sha1-G2gcIf+EAzyCZUMJBolCDRhxUdw=",
      "optional": true
    },
    "co": {
      "version": "4.6.0",
      "resolved": "http://r.tools.elenet.me/co/download/co-4.6.0.tgz",
      "integrity": "sha1-bqa989hTrlTMuOR7+gvz+QMfsYQ=",
      "optional": true
    },
    "combined-stream": {
      "version": "1.0.5",
      "resolved": "http://r.tools.elenet.me/combined-stream/download/combined-stream-1.0.5.tgz",
      "integrity": "sha1-k4NwpXtKUd6ix3wV1cX9+JUWQAk=",
      "requires": {
        "delayed-stream": "1.0.0"
      }
    },
    "core-util-is": {
      "version": "1.0.2",
      "resolved": "http://r.tools.elenet.me/core-util-is/download/core-util-is-1.0.2.tgz",
      "integrity": "sha1-tf1UIgqivFq1eqtxQMlAdUUDwac=",
      "optional": true
    },
    "cryptiles": {
      "version": "2.0.5",
      "resolved": "http://r.tools.elenet.me/cryptiles/download/cryptiles-2.0.5.tgz",
      "integrity": "sha1-O9/s3GCBR8HGcgL6KR59ylnqo7g=",
      "optional": true,
      "requires": {
        "boom": "2.10.1"
      }
    },
    "dashdash": {
      "version": "1.14.1",
      "resolved": "http://r.tools.elenet.me/dashdash/download/dashdash-1.14.1.tgz",
      "integrity": "sha1-hTz6D3y+L+1d4gMmuN1YEDX24vA=",
      "optional": true,
      "requires": {
        "assert-plus": "1.0.0"
      },
      "dependencies": {
        "assert-plus": {
          "version": "1.0.0",
          "resolved": "http://r.tools.elenet.me/assert-plus/download/assert-plus-1.0.0.tgz",
          "integrity": "sha1-8S4PPF13sLHN2RRpQuTpbB5N1SU=",
          "optional": true
        }
      }
    },
    "delayed-stream": {
      "version": "1.0.0",
      "resolved": "http://r.tools.elenet.me/delayed-stream/download/delayed-stream-1.0.0.tgz",
      "integrity": "sha1-3zrhmayt+31ECqrgsp4icrJOxhk="
    },
    "ecc-jsbn": {
      "version": "0.1.1",
      "resolved": "http://r.tools.elenet.me/ecc-jsbn/download/ecc-jsbn-0.1.1.tgz",
      "integrity": "sha1-D8c6ntXw1Tw4GTOYUj735UN3dQU=",
      "optional": true,
      "requires": {
        "jsbn": "0.1.1"
      }
    },
    "errno": {
      "version": "0.1.6",
      "resolved": "http://r.tools.elenet.me/errno/download/errno-0.1.6.tgz",
      "integrity": "sha1-w4bOimKD8U/AlWO3FWCQjJv1MCY=",
      "optional": true,
      "requires": {
        "prr": "1.0.1"
      }
    },
    "extend": {
      "version": "3.0.1",
      "resolved": "http://r.tools.elenet.me/extend/download/extend-3.0.1.tgz",
      "integrity": "sha1-p1Xqe8Gt/MWjHOfnYtuq3F5jZEQ=",
      "optional": true
    },
    "extsprintf": {
      "version": "1.3.0",
      "resolved": "http://r.tools.elenet.me/extsprintf/download/extsprintf-1.3.0.tgz",
      "integrity": "sha1-lpGEQOMEGnpBT4xS48V06zw+HgU="
    },
    "forever-agent": {
      "version": "0.6.1",
      "resolved": "http://r.tools.elenet.me/forever-agent/download/forever-agent-0.6.1.tgz",
      "integrity": "sha1-+8cfDEGt6zf5bFd60e1C2P2sypE=",
      "optional": true
    },
    "form-data": {
      "version": "2.1.4",
      "resolved": "http://r.tools.elenet.me/form-data/download/form-data-2.1.4.tgz",
      "integrity": "sha1-M8GDrPGTJ27KqYFDpp6Uv+4XUNE=",
      "optional": true,
      "requires": {
        "asynckit": "0.4.0",
        "combined-stream": "1.0.5",
        "mime-types": "2.1.17"
      }
    },
    "framesync": {
      "version": "3.1.7",
      "resolved": "https://registry.npmjs.org/framesync/-/framesync-3.1.7.tgz",
      "integrity": "sha512-oMW1Myil2BcHFMntyMvFkkBOz/aaH5kNb0XtSd/IRFiGuh2sWzf0XukgSJFyNh2WcQr05uCbpL1RY6vQK8qUQw=="
    },
    "getpass": {
      "version": "0.1.7",
      "resolved": "http://r.tools.elenet.me/getpass/download/getpass-0.1.7.tgz",
      "integrity": "sha1-Xv+OPmhNVprkyysSgmBOi6YhSfo=",
      "optional": true,
      "requires": {
        "assert-plus": "1.0.0"
      },
      "dependencies": {
        "assert-plus": {
          "version": "1.0.0",
          "resolved": "http://r.tools.elenet.me/assert-plus/download/assert-plus-1.0.0.tgz",
          "integrity": "sha1-8S4PPF13sLHN2RRpQuTpbB5N1SU=",
          "optional": true
        }
      }
    },
    "graceful-fs": {
      "version": "4.1.11",
      "resolved": "http://r.tools.elenet.me/graceful-fs/download/graceful-fs-4.1.11.tgz",
      "integrity": "sha1-Dovf5NHduIVNZOBOp8AOKgJuVlg=",
      "optional": true
    },
    "har-schema": {
      "version": "1.0.5",
      "resolved": "http://r.tools.elenet.me/har-schema/download/har-schema-1.0.5.tgz",
      "integrity": "sha1-0mMTX0MwfALGAq/I/pWXDAFRNp4=",
      "optional": true
    },
    "har-validator": {
      "version": "4.2.1",
      "resolved": "http://r.tools.elenet.me/har-validator/download/har-validator-4.2.1.tgz",
      "integrity": "sha1-M0gdDxu/9gDdID11gSpqX7oALio=",
      "optional": true,
      "requires": {
        "ajv": "4.11.8",
        "har-schema": "1.0.5"
      }
    },
    "hawk": {
      "version": "3.1.3",
      "resolved": "http://r.tools.elenet.me/hawk/download/hawk-3.1.3.tgz",
      "integrity": "sha1-B4REvXwWQLD+VA0sm3PVlnjo4cQ=",
      "optional": true,
      "requires": {
        "boom": "2.10.1",
        "cryptiles": "2.0.5",
        "hoek": "2.16.3",
        "sntp": "1.0.9"
      }
    },
    "hoek": {
      "version": "2.16.3",
      "resolved": "http://r.tools.elenet.me/hoek/download/hoek-2.16.3.tgz",
      "integrity": "sha1-ILt0A9POo5jpHcRxCo/xuCdKJe0="
    },
    "http-signature": {
      "version": "1.1.1",
      "resolved": "http://r.tools.elenet.me/http-signature/download/http-signature-1.1.1.tgz",
      "integrity": "sha1-33LiZwZs0Kxn+3at+OE0qPvPkb8=",
      "optional": true,
      "requires": {
        "assert-plus": "0.2.0",
        "jsprim": "1.4.1",
        "sshpk": "1.13.1"
      }
    },
    "image-size": {
      "version": "0.5.5",
      "resolved": "http://r.tools.elenet.me/image-size/download/image-size-0.5.5.tgz",
      "integrity": "sha1-Cd/Uq50g4p6xw+gLiZA3jfnjy5w=",
      "optional": true
    },
    "is-typedarray": {
      "version": "1.0.0",
      "resolved": "http://r.tools.elenet.me/is-typedarray/download/is-typedarray-1.0.0.tgz",
      "integrity": "sha1-5HnICFjfDBsR3dppQPlgEfzaSpo=",
      "optional": true
    },
    "isstream": {
      "version": "0.1.2",
      "resolved": "http://r.tools.elenet.me/isstream/download/isstream-0.1.2.tgz",
      "integrity": "sha1-R+Y/evVa+m+S4VAOaQ64uFKcCZo=",
      "optional": true
    },
    "jsbn": {
      "version": "0.1.1",
      "resolved": "http://r.tools.elenet.me/jsbn/download/jsbn-0.1.1.tgz",
      "integrity": "sha1-peZUwuWi3rXyAdls77yoDA7y9RM=",
      "optional": true
    },
    "json-schema": {
      "version": "0.2.3",
      "resolved": "http://r.tools.elenet.me/json-schema/download/json-schema-0.2.3.tgz",
      "integrity": "sha1-tIDIkuWaLwWVTOcnvT8qTogvnhM=",
      "optional": true
    },
    "json-stable-stringify": {
      "version": "1.0.1",
      "resolved": "http://r.tools.elenet.me/json-stable-stringify/download/json-stable-stringify-1.0.1.tgz",
      "integrity": "sha1-mnWdOcXy/1A/1TAGRu1EX4jE+a8=",
      "optional": true,
      "requires": {
        "jsonify": "0.0.0"
      }
    },
    "json-stringify-safe": {
      "version": "5.0.1",
      "resolved": "http://r.tools.elenet.me/json-stringify-safe/download/json-stringify-safe-5.0.1.tgz",
      "integrity": "sha1-Epai1Y/UXxmg9s4B1lcB4sc1tus=",
      "optional": true
    },
    "jsonify": {
      "version": "0.0.0",
      "resolved": "http://r.tools.elenet.me/jsonify/download/jsonify-0.0.0.tgz",
      "integrity": "sha1-LHS27kHZPKUbe1qu6PUDYx0lKnM=",
      "optional": true
    },
    "jsprim": {
      "version": "1.4.1",
      "resolved": "http://r.tools.elenet.me/jsprim/download/jsprim-1.4.1.tgz",
      "integrity": "sha1-MT5mvB5cwG5Di8G3SZwuXFastqI=",
      "optional": true,
      "requires": {
        "assert-plus": "1.0.0",
        "extsprintf": "1.3.0",
        "json-schema": "0.2.3",
        "verror": "1.10.0"
      },
      "dependencies": {
        "assert-plus": {
          "version": "1.0.0",
          "resolved": "http://r.tools.elenet.me/assert-plus/download/assert-plus-1.0.0.tgz",
          "integrity": "sha1-8S4PPF13sLHN2RRpQuTpbB5N1SU=",
          "optional": true
        }
      }
    },
    "less": {
      "version": "2.7.3",
      "resolved": "http://r.tools.elenet.me/less/download/less-2.7.3.tgz",
      "integrity": "sha1-zBJg9RyQCp7A2R+2mYE54CUHtjs=",
      "requires": {
        "errno": "0.1.6",
        "graceful-fs": "4.1.11",
        "image-size": "0.5.5",
        "mime": "1.6.0",
        "mkdirp": "0.5.1",
        "promise": "7.3.1",
        "request": "2.81.0",
        "source-map": "0.5.7"
      }
    },
    "mime": {
      "version": "1.6.0",
      "resolved": "http://r.tools.elenet.me/mime/download/mime-1.6.0.tgz",
      "integrity": "sha1-Ms2eXGRVO9WNGaVor0Uqz/BJgbE=",
      "optional": true
    },
    "mime-db": {
      "version": "1.30.0",
      "resolved": "http://r.tools.elenet.me/mime-db/download/mime-db-1.30.0.tgz",
      "integrity": "sha1-dMZD2i3Z1qRTmZY0ZbJtXKfXHwE="
    },
    "mime-types": {
      "version": "2.1.17",
      "resolved": "http://r.tools.elenet.me/mime-types/download/mime-types-2.1.17.tgz",
      "integrity": "sha1-Cdejk/A+mVp5+K+Fe3Cp4KsWVXo=",
      "requires": {
        "mime-db": "1.30.0"
      }
    },
    "minimist": {
      "version": "0.0.8",
      "resolved": "http://r.tools.elenet.me/minimist/download/minimist-0.0.8.tgz",
      "integrity": "sha1-hX/Kv8M5fSYluCKCYuhqp6ARsF0=",
      "optional": true
    },
    "mkdirp": {
      "version": "0.5.1",
      "resolved": "http://r.tools.elenet.me/mkdirp/download/mkdirp-0.5.1.tgz",
      "integrity": "sha1-MAV0OOrGz3+MR2fzhkjWaX11yQM=",
      "optional": true,
      "requires": {
        "minimist": "0.0.8"
      }
    },
    "oauth-sign": {
      "version": "0.8.2",
      "resolved": "http://r.tools.elenet.me/oauth-sign/download/oauth-sign-0.8.2.tgz",
      "integrity": "sha1-Rqarfwrq2N6unsBWV4C31O/rnUM=",
      "optional": true
    },
    "performance-now": {
      "version": "0.2.0",
      "resolved": "http://r.tools.elenet.me/performance-now/download/performance-now-0.2.0.tgz",
      "integrity": "sha1-M+8wxcd9TqIcWlOGnZG1bY8lVeU=",
      "optional": true
    },
    "popmotion": {
      "version": "8.1.9",
      "resolved": "https://registry.npmjs.org/popmotion/-/popmotion-8.1.9.tgz",
      "integrity": "sha512-oqfzy5cB1HRyl5hG54etmlvp920qTQPe+nTGCBap9jMtxVaL/j+Cen7/P0aVCWkBBmdb1kGSZ5o1O14fGp60vQ==",
      "requires": {
        "framesync": "3.1.7",
        "style-value-types": "1.0.3",
        "stylefire": "1.1.8"
      }
    },
    "promise": {
      "version": "7.3.1",
      "resolved": "http://r.tools.elenet.me/promise/download/promise-7.3.1.tgz",
      "integrity": "sha1-BktyYCsY+Q8pGSuLG8QY/9Hr078=",
      "optional": true,
      "requires": {
        "asap": "2.0.6"
      }
    },
    "prr": {
      "version": "1.0.1",
      "resolved": "http://r.tools.elenet.me/prr/download/prr-1.0.1.tgz",
      "integrity": "sha1-0/wRS6BplaRexok/SEzrHXj19HY=",
      "optional": true
    },
    "punycode": {
      "version": "1.4.1",
      "resolved": "http://r.tools.elenet.me/punycode/download/punycode-1.4.1.tgz",
      "integrity": "sha1-wNWmOycYgArY4esPpSachN1BhF4=",
      "optional": true
    },
    "qs": {
      "version": "6.4.0",
      "resolved": "http://r.tools.elenet.me/qs/download/qs-6.4.0.tgz",
      "integrity": "sha1-E+JtKK1rD/qpExLNO/cI7TUecjM=",
      "optional": true
    },
    "request": {
      "version": "2.81.0",
      "resolved": "http://r.tools.elenet.me/request/download/request-2.81.0.tgz",
      "integrity": "sha1-xpKJRqDgbF+Nb4qTM0af/aRimKA=",
      "optional": true,
      "requires": {
        "aws-sign2": "0.6.0",
        "aws4": "1.6.0",
        "caseless": "0.12.0",
        "combined-stream": "1.0.5",
        "extend": "3.0.1",
        "forever-agent": "0.6.1",
        "form-data": "2.1.4",
        "har-validator": "4.2.1",
        "hawk": "3.1.3",
        "http-signature": "1.1.1",
        "is-typedarray": "1.0.0",
        "isstream": "0.1.2",
        "json-stringify-safe": "5.0.1",
        "mime-types": "2.1.17",
        "oauth-sign": "0.8.2",
        "performance-now": "0.2.0",
        "qs": "6.4.0",
        "safe-buffer": "5.1.1",
        "stringstream": "0.0.5",
        "tough-cookie": "2.3.3",
        "tunnel-agent": "0.6.0",
        "uuid": "3.2.1"
      }
    },
    "safe-buffer": {
      "version": "5.1.1",
      "resolved": "http://r.tools.elenet.me/safe-buffer/download/safe-buffer-5.1.1.tgz",
      "integrity": "sha1-iTMSr2myEj3vcfV4iQAWce6yyFM="
    },
    "sntp": {
      "version": "1.0.9",
      "resolved": "http://r.tools.elenet.me/sntp/download/sntp-1.0.9.tgz",
      "integrity": "sha1-ZUEYTMkK7qbG57NeJlkIJEPGYZg=",
      "optional": true,
      "requires": {
        "hoek": "2.16.3"
      }
    },
    "source-map": {
      "version": "0.5.7",
      "resolved": "http://r.tools.elenet.me/source-map/download/source-map-0.5.7.tgz",
      "integrity": "sha1-igOdLRAh0i0eoUyA2OpGi6LvP8w=",
      "optional": true
    },
    "sshpk": {
      "version": "1.13.1",
      "resolved": "http://r.tools.elenet.me/sshpk/download/sshpk-1.13.1.tgz",
      "integrity": "sha1-US322mKHFEMW3EwY/hzx2UBzm+M=",
      "optional": true,
      "requires": {
        "asn1": "0.2.3",
        "assert-plus": "1.0.0",
        "bcrypt-pbkdf": "1.0.1",
        "dashdash": "1.14.1",
        "ecc-jsbn": "0.1.1",
        "getpass": "0.1.7",
        "jsbn": "0.1.1",
        "tweetnacl": "0.14.5"
      },
      "dependencies": {
        "assert-plus": {
          "version": "1.0.0",
          "resolved": "http://r.tools.elenet.me/assert-plus/download/assert-plus-1.0.0.tgz",
          "integrity": "sha1-8S4PPF13sLHN2RRpQuTpbB5N1SU=",
          "optional": true
        }
      }
    },
    "stringstream": {
      "version": "0.0.5",
      "resolved": "http://r.tools.elenet.me/stringstream/download/stringstream-0.0.5.tgz",
      "integrity": "sha1-TkhM1N5aC7vuGORjB3EKioFiGHg=",
      "optional": true
    },
    "style-value-types": {
      "version": "1.0.3",
      "resolved": "https://registry.npmjs.org/style-value-types/-/style-value-types-1.0.3.tgz",
      "integrity": "sha1-ZRw8dcmI6i74biDGoH+YzOYu/d8="
    },
    "stylefire": {
      "version": "1.1.8",
      "resolved": "http://r.tools.elenet.me/stylefire/download/stylefire-1.1.8.tgz",
      "integrity": "sha1-LiaJTF4od8UQCnspUi2Rim/E8eE=",
      "requires": {
        "framesync": "3.1.7",
        "style-value-types": "1.0.3"
      }
    },
    "tough-cookie": {
      "version": "2.3.3",
      "resolved": "http://r.tools.elenet.me/tough-cookie/download/tough-cookie-2.3.3.tgz",
      "integrity": "sha1-C2GKVWW23qkL80JdBNVe3EdadWE=",
      "optional": true,
      "requires": {
        "punycode": "1.4.1"
      }
    },
    "tunnel-agent": {
      "version": "0.6.0",
      "resolved": "http://r.tools.elenet.me/tunnel-agent/download/tunnel-agent-0.6.0.tgz",
      "integrity": "sha1-J6XeoGs2sEoKmWZ3SykIaPD8QP0=",
      "optional": true,
      "requires": {
        "safe-buffer": "5.1.1"
      }
    },
    "tweetnacl": {
      "version": "0.14.5",
      "resolved": "http://r.tools.elenet.me/tweetnacl/download/tweetnacl-0.14.5.tgz",
      "integrity": "sha1-WuaBd/GS1EViadEIr6k/+HQ/T2Q=",
      "optional": true
    },
    "underscore": {
      "version": "1.8.3",
      "resolved": "http://r.cnpmjs.org/underscore/download/underscore-1.8.3.tgz",
      "integrity": "sha1-Tz+1OxBuYJf8+ctBCfKl6b36UCI="
    },
    "underscore-es": {
      "version": "1.9.8",
      "resolved": "http://r.cnpmjs.org/underscore-es/download/underscore-es-1.9.8.tgz",
      "integrity": "sha1-pxRXUnSyewsdk94XR6TRU9jeZ3Y="
    },
    "uuid": {
      "version": "3.2.1",
      "resolved": "http://r.tools.elenet.me/uuid/download/uuid-3.2.1.tgz",
      "integrity": "sha1-EsUou51Y0LkmXZovbw/ovhf/HxQ=",
      "optional": true
    },
    "verror": {
      "version": "1.10.0",
      "resolved": "http://r.tools.elenet.me/verror/download/verror-1.10.0.tgz",
      "integrity": "sha1-OhBcoXBTr1XW4nDB+CiGguGNpAA=",
      "optional": true,
      "requires": {
        "assert-plus": "1.0.0",
        "core-util-is": "1.0.2",
        "extsprintf": "1.3.0"
      },
      "dependencies": {
        "assert-plus": {
          "version": "1.0.0",
          "resolved": "http://r.tools.elenet.me/assert-plus/download/assert-plus-1.0.0.tgz",
          "integrity": "sha1-8S4PPF13sLHN2RRpQuTpbB5N1SU=",
          "optional": true
        }
      }
    },
    "vue": {
      "version": "2.5.13",
      "resolved": "http://r.cnpmjs.org/vue/download/vue-2.5.13.tgz",
      "integrity": "sha1-lb0x4g7896fzkjnJqmeHzoz1eOE=",
      "dev": true
    }
  }
}
